// !$*UTF8*$!
{
	archiveVersion = 1;
	classes = {
	};
	objectVersion = 46;
	objects = {

/* Begin PBXBuildFile section */
		342EA227192115CB005A1D9C /* AQGridView.m in Sources */ = {isa = PBXBuildFile; fileRef = 342EA213192115CB005A1D9C /* AQGridView.m */; settings = {COMPILER_FLAGS = "-fno-objc-arc"; }; };
		342EA228192115CB005A1D9C /* AQGridViewAnimatorItem.m in Sources */ = {isa = PBXBuildFile; fileRef = 342EA215192115CB005A1D9C /* AQGridViewAnimatorItem.m */; settings = {COMPILER_FLAGS = "-fno-objc-arc"; }; };
		342EA229192115CB005A1D9C /* AQGridViewCell.m in Sources */ = {isa = PBXBuildFile; fileRef = 342EA218192115CB005A1D9C /* AQGridViewCell.m */; settings = {COMPILER_FLAGS = "-fno-objc-arc"; }; };
		342EA22A192115CB005A1D9C /* AQGridViewController.m in Sources */ = {isa = PBXBuildFile; fileRef = 342EA21A192115CB005A1D9C /* AQGridViewController.m */; settings = {COMPILER_FLAGS = "-fno-objc-arc"; }; };
		342EA22B192115CB005A1D9C /* AQGridViewData.m in Sources */ = {isa = PBXBuildFile; fileRef = 342EA21C192115CB005A1D9C /* AQGridViewData.m */; settings = {COMPILER_FLAGS = "-fno-objc-arc"; }; };
		342EA22C192115CB005A1D9C /* AQGridViewUpdateInfo.m in Sources */ = {isa = PBXBuildFile; fileRef = 342EA21E192115CB005A1D9C /* AQGridViewUpdateInfo.m */; settings = {COMPILER_FLAGS = "-fno-objc-arc"; }; };
		342EA22D192115CB005A1D9C /* AQGridViewUpdateItem.m in Sources */ = {isa = PBXBuildFile; fileRef = 342EA220192115CB005A1D9C /* AQGridViewUpdateItem.m */; settings = {COMPILER_FLAGS = "-fno-objc-arc"; }; };
		342EA22E192115CB005A1D9C /* NSIndexSet+AQIndexesOutsideSet.m in Sources */ = {isa = PBXBuildFile; fileRef = 342EA222192115CB005A1D9C /* NSIndexSet+AQIndexesOutsideSet.m */; settings = {COMPILER_FLAGS = "-fno-objc-arc"; }; };
		342EA22F192115CB005A1D9C /* NSIndexSet+AQIsSetContiguous.m in Sources */ = {isa = PBXBuildFile; fileRef = 342EA224192115CB005A1D9C /* NSIndexSet+AQIsSetContiguous.m */; };
		342EA230192115CB005A1D9C /* UIColor+AQGridView.m in Sources */ = {isa = PBXBuildFile; fileRef = 342EA226192115CB005A1D9C /* UIColor+AQGridView.m */; };
		342EA23C19211686005A1D9C /* ListenNewsViewController.m in Sources */ = {isa = PBXBuildFile; fileRef = 342EA23919211686005A1D9C /* ListenNewsViewController.m */; };
		342EA23D19211686005A1D9C /* ListenNewsViewCell.m in Sources */ = {isa = PBXBuildFile; fileRef = 342EA23B19211686005A1D9C /* ListenNewsViewCell.m */; };
		342EA240192118B4005A1D9C /* ListenDetailNewsViewController.m in Sources */ = {isa = PBXBuildFile; fileRef = 342EA23F192118B4005A1D9C /* ListenDetailNewsViewController.m */; };
		344E6128191E69E000578AF8 /* Foundation.framework in Frameworks */ = {isa = PBXBuildFile; fileRef = 344E6127191E69E000578AF8 /* Foundation.framework */; };
		344E612A191E69E000578AF8 /* CoreGraphics.framework in Frameworks */ = {isa = PBXBuildFile; fileRef = 344E6129191E69E000578AF8 /* CoreGraphics.framework */; };
		344E612C191E69E000578AF8 /* UIKit.framework in Frameworks */ = {isa = PBXBuildFile; fileRef = 344E612B191E69E000578AF8 /* UIKit.framework */; };
		344E6132191E69E000578AF8 /* InfoPlist.strings in Resources */ = {isa = PBXBuildFile; fileRef = 344E6130191E69E000578AF8 /* InfoPlist.strings */; };
		344E6134191E69E000578AF8 /* main.m in Sources */ = {isa = PBXBuildFile; fileRef = 344E6133191E69E000578AF8 /* main.m */; };
		344E6138191E69E000578AF8 /* AppDelegate.m in Sources */ = {isa = PBXBuildFile; fileRef = 344E6137191E69E000578AF8 /* AppDelegate.m */; };
		344E613A191E69E100578AF8 /* Images.xcassets in Resources */ = {isa = PBXBuildFile; fileRef = 344E6139191E69E100578AF8 /* Images.xcassets */; };
		344E6141191E69E100578AF8 /* XCTest.framework in Frameworks */ = {isa = PBXBuildFile; fileRef = 344E6140191E69E100578AF8 /* XCTest.framework */; };
		344E6142191E69E100578AF8 /* Foundation.framework in Frameworks */ = {isa = PBXBuildFile; fileRef = 344E6127191E69E000578AF8 /* Foundation.framework */; };
		344E6143191E69E100578AF8 /* UIKit.framework in Frameworks */ = {isa = PBXBuildFile; fileRef = 344E612B191E69E000578AF8 /* UIKit.framework */; };
		344E614B191E69E100578AF8 /* InfoPlist.strings in Resources */ = {isa = PBXBuildFile; fileRef = 344E6149191E69E100578AF8 /* InfoPlist.strings */; };
		344E614D191E69E100578AF8 /* PeopleDailyTests.m in Sources */ = {isa = PBXBuildFile; fileRef = 344E614C191E69E100578AF8 /* PeopleDailyTests.m */; };
		34C44E9A19227741006DEF46 /* 1.png in Resources */ = {isa = PBXBuildFile; fileRef = 34C44E9219227741006DEF46 /* 1.png */; };
		34C44E9B19227741006DEF46 /* 2.png in Resources */ = {isa = PBXBuildFile; fileRef = 34C44E9319227741006DEF46 /* 2.png */; };
		34C44E9C19227741006DEF46 /* 3.png in Resources */ = {isa = PBXBuildFile; fileRef = 34C44E9419227741006DEF46 /* 3.png */; };
		34C44E9D19227741006DEF46 /* 4.png in Resources */ = {isa = PBXBuildFile; fileRef = 34C44E9519227741006DEF46 /* 4.png */; };
		34C44E9E19227741006DEF46 /* 5.png in Resources */ = {isa = PBXBuildFile; fileRef = 34C44E9619227741006DEF46 /* 5.png */; };
		34C44E9F19227741006DEF46 /* 6.png in Resources */ = {isa = PBXBuildFile; fileRef = 34C44E9719227741006DEF46 /* 6.png */; };
		34C44EA019227741006DEF46 /* 7.png in Resources */ = {isa = PBXBuildFile; fileRef = 34C44E9819227741006DEF46 /* 7.png */; };
		34C44EA119227741006DEF46 /* 8.png in Resources */ = {isa = PBXBuildFile; fileRef = 34C44E9919227741006DEF46 /* 8.png */; };
		F3E8790F1920AE4E0049D13E /* NetManager.m in Sources */ = {isa = PBXBuildFile; fileRef = F3E8790E1920AE4E0049D13E /* NetManager.m */; };
		F3E8792B1920AEC60049D13E /* AFHTTPClient.m in Sources */ = {isa = PBXBuildFile; fileRef = F3E879121920AEC60049D13E /* AFHTTPClient.m */; settings = {COMPILER_FLAGS = "-fno-objc-arc"; }; };
		F3E8792C1920AEC60049D13E /* AFHTTPRequestOperation.m in Sources */ = {isa = PBXBuildFile; fileRef = F3E879141920AEC60049D13E /* AFHTTPRequestOperation.m */; settings = {COMPILER_FLAGS = "-fno-objc-arc"; }; };
		F3E8792D1920AEC60049D13E /* AFImageRequestOperation.m in Sources */ = {isa = PBXBuildFile; fileRef = F3E879161920AEC60049D13E /* AFImageRequestOperation.m */; settings = {COMPILER_FLAGS = "-fno-objc-arc"; }; };
		F3E8792E1920AEC60049D13E /* AFJSONRequestOperation.m in Sources */ = {isa = PBXBuildFile; fileRef = F3E879181920AEC60049D13E /* AFJSONRequestOperation.m */; settings = {COMPILER_FLAGS = "-fno-objc-arc"; }; };
		F3E8792F1920AEC60049D13E /* AFJSONUtilities.m in Sources */ = {isa = PBXBuildFile; fileRef = F3E8791A1920AEC60049D13E /* AFJSONUtilities.m */; settings = {COMPILER_FLAGS = "-fno-objc-arc"; }; };
		F3E879301920AEC60049D13E /* AFNetworkActivityIndicatorManager.m in Sources */ = {isa = PBXBuildFile; fileRef = F3E8791C1920AEC60049D13E /* AFNetworkActivityIndicatorManager.m */; settings = {COMPILER_FLAGS = "-fno-objc-arc"; }; };
		F3E879311920AEC60049D13E /* AFPropertyListRequestOperation.m in Sources */ = {isa = PBXBuildFile; fileRef = F3E8791F1920AEC60049D13E /* AFPropertyListRequestOperation.m */; settings = {COMPILER_FLAGS = "-fno-objc-arc"; }; };
		F3E879321920AEC60049D13E /* AFURLConnectionOperation.m in Sources */ = {isa = PBXBuildFile; fileRef = F3E879211920AEC60049D13E /* AFURLConnectionOperation.m */; settings = {COMPILER_FLAGS = "-fno-objc-arc"; }; };
		F3E879331920AEC60049D13E /* AFXMLRequestOperation.m in Sources */ = {isa = PBXBuildFile; fileRef = F3E879231920AEC60049D13E /* AFXMLRequestOperation.m */; settings = {COMPILER_FLAGS = "-fno-objc-arc"; }; };
		F3E879341920AEC60049D13E /* CheckNetwork.m in Sources */ = {isa = PBXBuildFile; fileRef = F3E879261920AEC60049D13E /* CheckNetwork.m */; settings = {COMPILER_FLAGS = "-fno-objc-arc"; }; };
		F3E879351920AEC60049D13E /* Reachability.m in Sources */ = {isa = PBXBuildFile; fileRef = F3E879281920AEC60049D13E /* Reachability.m */; settings = {COMPILER_FLAGS = "-fno-objc-arc"; }; };
		F3E879361920AEC60049D13E /* UIImageView+AFNetworking.m in Sources */ = {isa = PBXBuildFile; fileRef = F3E8792A1920AEC60049D13E /* UIImageView+AFNetworking.m */; settings = {COMPILER_FLAGS = "-fno-objc-arc"; }; };
		F3E8793F1920C2D60049D13E /* MBProgressHUD+Add.m in Sources */ = {isa = PBXBuildFile; fileRef = F3E8793B1920C2D60049D13E /* MBProgressHUD+Add.m */; };
		F3E879401920C2D60049D13E /* MBProgressHUD.bundle in Resources */ = {isa = PBXBuildFile; fileRef = F3E8793C1920C2D60049D13E /* MBProgressHUD.bundle */; };
		F3E879411920C2D60049D13E /* MBProgressHUD.m in Sources */ = {isa = PBXBuildFile; fileRef = F3E8793E1920C2D60049D13E /* MBProgressHUD.m */; };
/* End PBXBuildFile section */

/* Begin PBXContainerItemProxy section */
		344E6144191E69E100578AF8 /* PBXContainerItemProxy */ = {
			isa = PBXContainerItemProxy;
			containerPortal = 344E611C191E69E000578AF8 /* Project object */;
			proxyType = 1;
			remoteGlobalIDString = 344E6123191E69E000578AF8;
			remoteInfo = PeopleDaily;
		};
/* End PBXContainerItemProxy section */

/* Begin PBXFileReference section */
		342EA210192115CB005A1D9C /* AQGridView+CellLayout.h */ = {isa = PBXFileReference; fileEncoding = 4; lastKnownFileType = sourcecode.c.h; path = "AQGridView+CellLayout.h"; sourceTree = "<group>"; };
		342EA211192115CB005A1D9C /* AQGridView+CellLocationDelegation.h */ = {isa = PBXFileReference; fileEncoding = 4; lastKnownFileType = sourcecode.c.h; path = "AQGridView+CellLocationDelegation.h"; sourceTree = "<group>"; };
		342EA212192115CB005A1D9C /* AQGridView.h */ = {isa = PBXFileReference; fileEncoding = 4; lastKnownFileType = sourcecode.c.h; path = AQGridView.h; sourceTree = "<group>"; };
		342EA213192115CB005A1D9C /* AQGridView.m */ = {isa = PBXFileReference; fileEncoding = 4; lastKnownFileType = sourcecode.c.objc; path = AQGridView.m; sourceTree = "<group>"; };
		342EA214192115CB005A1D9C /* AQGridViewAnimatorItem.h */ = {isa = PBXFileReference; fileEncoding = 4; lastKnownFileType = sourcecode.c.h; path = AQGridViewAnimatorItem.h; sourceTree = "<group>"; };
		342EA215192115CB005A1D9C /* AQGridViewAnimatorItem.m */ = {isa = PBXFileReference; fileEncoding = 4; lastKnownFileType = sourcecode.c.objc; path = AQGridViewAnimatorItem.m; sourceTree = "<group>"; };
		342EA216192115CB005A1D9C /* AQGridViewCell+AQGridViewCellPrivate.h */ = {isa = PBXFileReference; fileEncoding = 4; lastKnownFileType = sourcecode.c.h; path = "AQGridViewCell+AQGridViewCellPrivate.h"; sourceTree = "<group>"; };
		342EA217192115CB005A1D9C /* AQGridViewCell.h */ = {isa = PBXFileReference; fileEncoding = 4; lastKnownFileType = sourcecode.c.h; path = AQGridViewCell.h; sourceTree = "<group>"; };
		342EA218192115CB005A1D9C /* AQGridViewCell.m */ = {isa = PBXFileReference; fileEncoding = 4; lastKnownFileType = sourcecode.c.objc; path = AQGridViewCell.m; sourceTree = "<group>"; };
		342EA219192115CB005A1D9C /* AQGridViewController.h */ = {isa = PBXFileReference; fileEncoding = 4; lastKnownFileType = sourcecode.c.h; path = AQGridViewController.h; sourceTree = "<group>"; };
		342EA21A192115CB005A1D9C /* AQGridViewController.m */ = {isa = PBXFileReference; fileEncoding = 4; lastKnownFileType = sourcecode.c.objc; path = AQGridViewController.m; sourceTree = "<group>"; };
		342EA21B192115CB005A1D9C /* AQGridViewData.h */ = {isa = PBXFileReference; fileEncoding = 4; lastKnownFileType = sourcecode.c.h; path = AQGridViewData.h; sourceTree = "<group>"; };
		342EA21C192115CB005A1D9C /* AQGridViewData.m */ = {isa = PBXFileReference; fileEncoding = 4; lastKnownFileType = sourcecode.c.objc; path = AQGridViewData.m; sourceTree = "<group>"; };
		342EA21D192115CB005A1D9C /* AQGridViewUpdateInfo.h */ = {isa = PBXFileReference; fileEncoding = 4; lastKnownFileType = sourcecode.c.h; path = AQGridViewUpdateInfo.h; sourceTree = "<group>"; };
		342EA21E192115CB005A1D9C /* AQGridViewUpdateInfo.m */ = {isa = PBXFileReference; fileEncoding = 4; lastKnownFileType = sourcecode.c.objc; path = AQGridViewUpdateInfo.m; sourceTree = "<group>"; };
		342EA21F192115CB005A1D9C /* AQGridViewUpdateItem.h */ = {isa = PBXFileReference; fileEncoding = 4; lastKnownFileType = sourcecode.c.h; path = AQGridViewUpdateItem.h; sourceTree = "<group>"; };
		342EA220192115CB005A1D9C /* AQGridViewUpdateItem.m */ = {isa = PBXFileReference; fileEncoding = 4; lastKnownFileType = sourcecode.c.objc; path = AQGridViewUpdateItem.m; sourceTree = "<group>"; };
		342EA221192115CB005A1D9C /* NSIndexSet+AQIndexesOutsideSet.h */ = {isa = PBXFileReference; fileEncoding = 4; lastKnownFileType = sourcecode.c.h; path = "NSIndexSet+AQIndexesOutsideSet.h"; sourceTree = "<group>"; };
		342EA222192115CB005A1D9C /* NSIndexSet+AQIndexesOutsideSet.m */ = {isa = PBXFileReference; fileEncoding = 4; lastKnownFileType = sourcecode.c.objc; path = "NSIndexSet+AQIndexesOutsideSet.m"; sourceTree = "<group>"; };
		342EA223192115CB005A1D9C /* NSIndexSet+AQIsSetContiguous.h */ = {isa = PBXFileReference; fileEncoding = 4; lastKnownFileType = sourcecode.c.h; path = "NSIndexSet+AQIsSetContiguous.h"; sourceTree = "<group>"; };
		342EA224192115CB005A1D9C /* NSIndexSet+AQIsSetContiguous.m */ = {isa = PBXFileReference; fileEncoding = 4; lastKnownFileType = sourcecode.c.objc; path = "NSIndexSet+AQIsSetContiguous.m"; sourceTree = "<group>"; };
		342EA225192115CB005A1D9C /* UIColor+AQGridView.h */ = {isa = PBXFileReference; fileEncoding = 4; lastKnownFileType = sourcecode.c.h; path = "UIColor+AQGridView.h"; sourceTree = "<group>"; };
		342EA226192115CB005A1D9C /* UIColor+AQGridView.m */ = {isa = PBXFileReference; fileEncoding = 4; lastKnownFileType = sourcecode.c.objc; path = "UIColor+AQGridView.m"; sourceTree = "<group>"; };
		342EA23819211686005A1D9C /* ListenNewsViewController.h */ = {isa = PBXFileReference; fileEncoding = 4; lastKnownFileType = sourcecode.c.h; path = ListenNewsViewController.h; sourceTree = "<group>"; };
		342EA23919211686005A1D9C /* ListenNewsViewController.m */ = {isa = PBXFileReference; fileEncoding = 4; lastKnownFileType = sourcecode.c.objc; path = ListenNewsViewController.m; sourceTree = "<group>"; };
		342EA23A19211686005A1D9C /* ListenNewsViewCell.h */ = {isa = PBXFileReference; fileEncoding = 4; lastKnownFileType = sourcecode.c.h; path = ListenNewsViewCell.h; sourceTree = "<group>"; };
		342EA23B19211686005A1D9C /* ListenNewsViewCell.m */ = {isa = PBXFileReference; fileEncoding = 4; lastKnownFileType = sourcecode.c.objc; path = ListenNewsViewCell.m; sourceTree = "<group>"; };
		342EA23E192118B4005A1D9C /* ListenDetailNewsViewController.h */ = {isa = PBXFileReference; fileEncoding = 4; lastKnownFileType = sourcecode.c.h; path = ListenDetailNewsViewController.h; sourceTree = "<group>"; };
		342EA23F192118B4005A1D9C /* ListenDetailNewsViewController.m */ = {isa = PBXFileReference; fileEncoding = 4; lastKnownFileType = sourcecode.c.objc; path = ListenDetailNewsViewController.m; sourceTree = "<group>"; };
		344E6124191E69E000578AF8 /* PeopleDaily.app */ = {isa = PBXFileReference; explicitFileType = wrapper.application; includeInIndex = 0; path = PeopleDaily.app; sourceTree = BUILT_PRODUCTS_DIR; };
		344E6127191E69E000578AF8 /* Foundation.framework */ = {isa = PBXFileReference; lastKnownFileType = wrapper.framework; name = Foundation.framework; path = System/Library/Frameworks/Foundation.framework; sourceTree = SDKROOT; };
		344E6129191E69E000578AF8 /* CoreGraphics.framework */ = {isa = PBXFileReference; lastKnownFileType = wrapper.framework; name = CoreGraphics.framework; path = System/Library/Frameworks/CoreGraphics.framework; sourceTree = SDKROOT; };
		344E612B191E69E000578AF8 /* UIKit.framework */ = {isa = PBXFileReference; lastKnownFileType = wrapper.framework; name = UIKit.framework; path = System/Library/Frameworks/UIKit.framework; sourceTree = SDKROOT; };
		344E612F191E69E000578AF8 /* PeopleDaily-Info.plist */ = {isa = PBXFileReference; lastKnownFileType = text.plist.xml; path = "PeopleDaily-Info.plist"; sourceTree = "<group>"; };
		344E6131191E69E000578AF8 /* en */ = {isa = PBXFileReference; lastKnownFileType = text.plist.strings; name = en; path = en.lproj/InfoPlist.strings; sourceTree = "<group>"; };
		344E6133191E69E000578AF8 /* main.m */ = {isa = PBXFileReference; lastKnownFileType = sourcecode.c.objc; path = main.m; sourceTree = "<group>"; };
		344E6135191E69E000578AF8 /* PeopleDaily-Prefix.pch */ = {isa = PBXFileReference; lastKnownFileType = sourcecode.c.h; path = "PeopleDaily-Prefix.pch"; sourceTree = "<group>"; };
		344E6136191E69E000578AF8 /* AppDelegate.h */ = {isa = PBXFileReference; lastKnownFileType = sourcecode.c.h; path = AppDelegate.h; sourceTree = "<group>"; };
		344E6137191E69E000578AF8 /* AppDelegate.m */ = {isa = PBXFileReference; lastKnownFileType = sourcecode.c.objc; path = AppDelegate.m; sourceTree = "<group>"; };
		344E6139191E69E100578AF8 /* Images.xcassets */ = {isa = PBXFileReference; lastKnownFileType = folder.assetcatalog; path = Images.xcassets; sourceTree = "<group>"; };
		344E613F191E69E100578AF8 /* PeopleDailyTests.xctest */ = {isa = PBXFileReference; explicitFileType = wrapper.cfbundle; includeInIndex = 0; path = PeopleDailyTests.xctest; sourceTree = BUILT_PRODUCTS_DIR; };
		344E6140191E69E100578AF8 /* XCTest.framework */ = {isa = PBXFileReference; lastKnownFileType = wrapper.framework; name = XCTest.framework; path = Library/Frameworks/XCTest.framework; sourceTree = DEVELOPER_DIR; };
		344E6148191E69E100578AF8 /* PeopleDailyTests-Info.plist */ = {isa = PBXFileReference; lastKnownFileType = text.plist.xml; path = "PeopleDailyTests-Info.plist"; sourceTree = "<group>"; };
		344E614A191E69E100578AF8 /* en */ = {isa = PBXFileReference; lastKnownFileType = text.plist.strings; name = en; path = en.lproj/InfoPlist.strings; sourceTree = "<group>"; };
		344E614C191E69E100578AF8 /* PeopleDailyTests.m */ = {isa = PBXFileReference; lastKnownFileType = sourcecode.c.objc; path = PeopleDailyTests.m; sourceTree = "<group>"; };
		34C44E9219227741006DEF46 /* 1.png */ = {isa = PBXFileReference; lastKnownFileType = image.png; path = 1.png; sourceTree = "<group>"; };
		34C44E9319227741006DEF46 /* 2.png */ = {isa = PBXFileReference; lastKnownFileType = image.png; path = 2.png; sourceTree = "<group>"; };
		34C44E9419227741006DEF46 /* 3.png */ = {isa = PBXFileReference; lastKnownFileType = image.png; path = 3.png; sourceTree = "<group>"; };
		34C44E9519227741006DEF46 /* 4.png */ = {isa = PBXFileReference; lastKnownFileType = image.png; path = 4.png; sourceTree = "<group>"; };
		34C44E9619227741006DEF46 /* 5.png */ = {isa = PBXFileReference; lastKnownFileType = image.png; path = 5.png; sourceTree = "<group>"; };
		34C44E9719227741006DEF46 /* 6.png */ = {isa = PBXFileReference; lastKnownFileType = image.png; path = 6.png; sourceTree = "<group>"; };
		34C44E9819227741006DEF46 /* 7.png */ = {isa = PBXFileReference; lastKnownFileType = image.png; path = 7.png; sourceTree = "<group>"; };
		34C44E9919227741006DEF46 /* 8.png */ = {isa = PBXFileReference; lastKnownFileType = image.png; path = 8.png; sourceTree = "<group>"; };
		F3E8790D1920AE4E0049D13E /* NetManager.h */ = {isa = PBXFileReference; fileEncoding = 4; lastKnownFileType = sourcecode.c.h; path = NetManager.h; sourceTree = "<group>"; };
		F3E8790E1920AE4E0049D13E /* NetManager.m */ = {isa = PBXFileReference; fileEncoding = 4; lastKnownFileType = sourcecode.c.objc; path = NetManager.m; sourceTree = "<group>"; };
		F3E879111920AEC60049D13E /* AFHTTPClient.h */ = {isa = PBXFileReference; fileEncoding = 4; lastKnownFileType = sourcecode.c.h; path = AFHTTPClient.h; sourceTree = "<group>"; };
		F3E879121920AEC60049D13E /* AFHTTPClient.m */ = {isa = PBXFileReference; fileEncoding = 4; lastKnownFileType = sourcecode.c.objc; path = AFHTTPClient.m; sourceTree = "<group>"; };
		F3E879131920AEC60049D13E /* AFHTTPRequestOperation.h */ = {isa = PBXFileReference; fileEncoding = 4; lastKnownFileType = sourcecode.c.h; path = AFHTTPRequestOperation.h; sourceTree = "<group>"; };
		F3E879141920AEC60049D13E /* AFHTTPRequestOperation.m */ = {isa = PBXFileReference; fileEncoding = 4; lastKnownFileType = sourcecode.c.objc; path = AFHTTPRequestOperation.m; sourceTree = "<group>"; };
		F3E879151920AEC60049D13E /* AFImageRequestOperation.h */ = {isa = PBXFileReference; fileEncoding = 4; lastKnownFileType = sourcecode.c.h; path = AFImageRequestOperation.h; sourceTree = "<group>"; };
		F3E879161920AEC60049D13E /* AFImageRequestOperation.m */ = {isa = PBXFileReference; fileEncoding = 4; lastKnownFileType = sourcecode.c.objc; path = AFImageRequestOperation.m; sourceTree = "<group>"; };
		F3E879171920AEC60049D13E /* AFJSONRequestOperation.h */ = {isa = PBXFileReference; fileEncoding = 4; lastKnownFileType = sourcecode.c.h; path = AFJSONRequestOperation.h; sourceTree = "<group>"; };
		F3E879181920AEC60049D13E /* AFJSONRequestOperation.m */ = {isa = PBXFileReference; fileEncoding = 4; lastKnownFileType = sourcecode.c.objc; path = AFJSONRequestOperation.m; sourceTree = "<group>"; };
		F3E879191920AEC60049D13E /* AFJSONUtilities.h */ = {isa = PBXFileReference; fileEncoding = 4; lastKnownFileType = sourcecode.c.h; path = AFJSONUtilities.h; sourceTree = "<group>"; };
		F3E8791A1920AEC60049D13E /* AFJSONUtilities.m */ = {isa = PBXFileReference; fileEncoding = 4; lastKnownFileType = sourcecode.c.objc; path = AFJSONUtilities.m; sourceTree = "<group>"; };
		F3E8791B1920AEC60049D13E /* AFNetworkActivityIndicatorManager.h */ = {isa = PBXFileReference; fileEncoding = 4; lastKnownFileType = sourcecode.c.h; path = AFNetworkActivityIndicatorManager.h; sourceTree = "<group>"; };
		F3E8791C1920AEC60049D13E /* AFNetworkActivityIndicatorManager.m */ = {isa = PBXFileReference; fileEncoding = 4; lastKnownFileType = sourcecode.c.objc; path = AFNetworkActivityIndicatorManager.m; sourceTree = "<group>"; };
		F3E8791D1920AEC60049D13E /* AFNetworking.h */ = {isa = PBXFileReference; fileEncoding = 4; lastKnownFileType = sourcecode.c.h; path = AFNetworking.h; sourceTree = "<group>"; };
		F3E8791E1920AEC60049D13E /* AFPropertyListRequestOperation.h */ = {isa = PBXFileReference; fileEncoding = 4; lastKnownFileType = sourcecode.c.h; path = AFPropertyListRequestOperation.h; sourceTree = "<group>"; };
		F3E8791F1920AEC60049D13E /* AFPropertyListRequestOperation.m */ = {isa = PBXFileReference; fileEncoding = 4; lastKnownFileType = sourcecode.c.objc; path = AFPropertyListRequestOperation.m; sourceTree = "<group>"; };
		F3E879201920AEC60049D13E /* AFURLConnectionOperation.h */ = {isa = PBXFileReference; fileEncoding = 4; lastKnownFileType = sourcecode.c.h; path = AFURLConnectionOperation.h; sourceTree = "<group>"; };
		F3E879211920AEC60049D13E /* AFURLConnectionOperation.m */ = {isa = PBXFileReference; fileEncoding = 4; lastKnownFileType = sourcecode.c.objc; path = AFURLConnectionOperation.m; sourceTree = "<group>"; };
		F3E879221920AEC60049D13E /* AFXMLRequestOperation.h */ = {isa = PBXFileReference; fileEncoding = 4; lastKnownFileType = sourcecode.c.h; path = AFXMLRequestOperation.h; sourceTree = "<group>"; };
		F3E879231920AEC60049D13E /* AFXMLRequestOperation.m */ = {isa = PBXFileReference; fileEncoding = 4; lastKnownFileType = sourcecode.c.objc; path = AFXMLRequestOperation.m; sourceTree = "<group>"; };
		F3E879251920AEC60049D13E /* CheckNetwork.h */ = {isa = PBXFileReference; fileEncoding = 4; lastKnownFileType = sourcecode.c.h; path = CheckNetwork.h; sourceTree = "<group>"; };
		F3E879261920AEC60049D13E /* CheckNetwork.m */ = {isa = PBXFileReference; fileEncoding = 4; lastKnownFileType = sourcecode.c.objc; path = CheckNetwork.m; sourceTree = "<group>"; };
		F3E879271920AEC60049D13E /* Reachability.h */ = {isa = PBXFileReference; fileEncoding = 4; lastKnownFileType = sourcecode.c.h; path = Reachability.h; sourceTree = "<group>"; };
		F3E879281920AEC60049D13E /* Reachability.m */ = {isa = PBXFileReference; fileEncoding = 4; lastKnownFileType = sourcecode.c.objc; path = Reachability.m; sourceTree = "<group>"; };
		F3E879291920AEC60049D13E /* UIImageView+AFNetworking.h */ = {isa = PBXFileReference; fileEncoding = 4; lastKnownFileType = sourcecode.c.h; path = "UIImageView+AFNetworking.h"; sourceTree = "<group>"; };
		F3E8792A1920AEC60049D13E /* UIImageView+AFNetworking.m */ = {isa = PBXFileReference; fileEncoding = 4; lastKnownFileType = sourcecode.c.objc; path = "UIImageView+AFNetworking.m"; sourceTree = "<group>"; };
		F3E879381920B09F0049D13E /* DefineModel.h */ = {isa = PBXFileReference; lastKnownFileType = sourcecode.c.h; path = DefineModel.h; sourceTree = "<group>"; };
		F3E8793A1920C2D60049D13E /* MBProgressHUD+Add.h */ = {isa = PBXFileReference; fileEncoding = 4; lastKnownFileType = sourcecode.c.h; path = "MBProgressHUD+Add.h"; sourceTree = "<group>"; };
		F3E8793B1920C2D60049D13E /* MBProgressHUD+Add.m */ = {isa = PBXFileReference; fileEncoding = 4; lastKnownFileType = sourcecode.c.objc; path = "MBProgressHUD+Add.m"; sourceTree = "<group>"; };
		F3E8793C1920C2D60049D13E /* MBProgressHUD.bundle */ = {isa = PBXFileReference; lastKnownFileType = "wrapper.plug-in"; path = MBProgressHUD.bundle; sourceTree = "<group>"; };
		F3E8793D1920C2D60049D13E /* MBProgressHUD.h */ = {isa = PBXFileReference; fileEncoding = 4; lastKnownFileType = sourcecode.c.h; path = MBProgressHUD.h; sourceTree = "<group>"; };
		F3E8793E1920C2D60049D13E /* MBProgressHUD.m */ = {isa = PBXFileReference; fileEncoding = 4; lastKnownFileType = sourcecode.c.objc; path = MBProgressHUD.m; sourceTree = "<group>"; };
/* End PBXFileReference section */

/* Begin PBXFrameworksBuildPhase section */
		344E6121191E69E000578AF8 /* Frameworks */ = {
			isa = PBXFrameworksBuildPhase;
			buildActionMask = 2147483647;
			files = (
				344E612A191E69E000578AF8 /* CoreGraphics.framework in Frameworks */,
				344E612C191E69E000578AF8 /* UIKit.framework in Frameworks */,
				344E6128191E69E000578AF8 /* Foundation.framework in Frameworks */,
			);
			runOnlyForDeploymentPostprocessing = 0;
		};
		344E613C191E69E100578AF8 /* Frameworks */ = {
			isa = PBXFrameworksBuildPhase;
			buildActionMask = 2147483647;
			files = (
				344E6141191E69E100578AF8 /* XCTest.framework in Frameworks */,
				344E6143191E69E100578AF8 /* UIKit.framework in Frameworks */,
				344E6142191E69E100578AF8 /* Foundation.framework in Frameworks */,
			);
			runOnlyForDeploymentPostprocessing = 0;
		};
/* End PBXFrameworksBuildPhase section */

/* Begin PBXGroup section */
		342EA20F192115CB005A1D9C /* AQGirdView */ = {
			isa = PBXGroup;
			children = (
				342EA210192115CB005A1D9C /* AQGridView+CellLayout.h */,
				342EA211192115CB005A1D9C /* AQGridView+CellLocationDelegation.h */,
				342EA212192115CB005A1D9C /* AQGridView.h */,
				342EA213192115CB005A1D9C /* AQGridView.m */,
				342EA214192115CB005A1D9C /* AQGridViewAnimatorItem.h */,
				342EA215192115CB005A1D9C /* AQGridViewAnimatorItem.m */,
				342EA216192115CB005A1D9C /* AQGridViewCell+AQGridViewCellPrivate.h */,
				342EA217192115CB005A1D9C /* AQGridViewCell.h */,
				342EA218192115CB005A1D9C /* AQGridViewCell.m */,
				342EA219192115CB005A1D9C /* AQGridViewController.h */,
				342EA21A192115CB005A1D9C /* AQGridViewController.m */,
				342EA21B192115CB005A1D9C /* AQGridViewData.h */,
				342EA21C192115CB005A1D9C /* AQGridViewData.m */,
				342EA21D192115CB005A1D9C /* AQGridViewUpdateInfo.h */,
				342EA21E192115CB005A1D9C /* AQGridViewUpdateInfo.m */,
				342EA21F192115CB005A1D9C /* AQGridViewUpdateItem.h */,
				342EA220192115CB005A1D9C /* AQGridViewUpdateItem.m */,
				342EA221192115CB005A1D9C /* NSIndexSet+AQIndexesOutsideSet.h */,
				342EA222192115CB005A1D9C /* NSIndexSet+AQIndexesOutsideSet.m */,
				342EA223192115CB005A1D9C /* NSIndexSet+AQIsSetContiguous.h */,
				342EA224192115CB005A1D9C /* NSIndexSet+AQIsSetContiguous.m */,
				342EA225192115CB005A1D9C /* UIColor+AQGridView.h */,
				342EA226192115CB005A1D9C /* UIColor+AQGridView.m */,
			);
			path = AQGirdView;
			sourceTree = "<group>";
		};
		342EA23719211686005A1D9C /* ListenNew */ = {
			isa = PBXGroup;
			children = (
				342EA23819211686005A1D9C /* ListenNewsViewController.h */,
				342EA23919211686005A1D9C /* ListenNewsViewController.m */,
				342EA23A19211686005A1D9C /* ListenNewsViewCell.h */,
				342EA23B19211686005A1D9C /* ListenNewsViewCell.m */,
				342EA23E192118B4005A1D9C /* ListenDetailNewsViewController.h */,
				342EA23F192118B4005A1D9C /* ListenDetailNewsViewController.m */,
			);
			path = ListenNew;
			sourceTree = "<group>";
		};
		344E611B191E69E000578AF8 = {
			isa = PBXGroup;
			children = (
				344E612D191E69E000578AF8 /* PeopleDaily */,
				344E6146191E69E100578AF8 /* PeopleDailyTests */,
				344E6126191E69E000578AF8 /* Frameworks */,
				344E6125191E69E000578AF8 /* Products */,
			);
			sourceTree = "<group>";
		};
		344E6125191E69E000578AF8 /* Products */ = {
			isa = PBXGroup;
			children = (
				344E6124191E69E000578AF8 /* PeopleDaily.app */,
				344E613F191E69E100578AF8 /* PeopleDailyTests.xctest */,
			);
			name = Products;
			sourceTree = "<group>";
		};
		344E6126191E69E000578AF8 /* Frameworks */ = {
			isa = PBXGroup;
			children = (
				344E6127191E69E000578AF8 /* Foundation.framework */,
				344E6129191E69E000578AF8 /* CoreGraphics.framework */,
				344E612B191E69E000578AF8 /* UIKit.framework */,
				344E6140191E69E100578AF8 /* XCTest.framework */,
			);
			name = Frameworks;
			sourceTree = "<group>";
		};
		344E612D191E69E000578AF8 /* PeopleDaily */ = {
			isa = PBXGroup;
			children = (
				34D7F5AA1922694C0077124B /* images */,
				342EA23719211686005A1D9C /* ListenNew */,
				344E6136191E69E000578AF8 /* AppDelegate.h */,
				344E6137191E69E000578AF8 /* AppDelegate.m */,
				F3E8790B1920AE410049D13E /* Classes */,
				344E6139191E69E100578AF8 /* Images.xcassets */,
				344E612E191E69E000578AF8 /* Supporting Files */,
			);
			path = PeopleDaily;
			sourceTree = "<group>";
		};
		344E612E191E69E000578AF8 /* Supporting Files */ = {
			isa = PBXGroup;
			children = (
				344E612F191E69E000578AF8 /* PeopleDaily-Info.plist */,
				344E6130191E69E000578AF8 /* InfoPlist.strings */,
				344E6133191E69E000578AF8 /* main.m */,
				344E6135191E69E000578AF8 /* PeopleDaily-Prefix.pch */,
			);
			name = "Supporting Files";
			sourceTree = "<group>";
		};
		344E6146191E69E100578AF8 /* PeopleDailyTests */ = {
			isa = PBXGroup;
			children = (
				344E614C191E69E100578AF8 /* PeopleDailyTests.m */,
				344E6147191E69E100578AF8 /* Supporting Files */,
			);
			path = PeopleDailyTests;
			sourceTree = "<group>";
		};
		344E6147191E69E100578AF8 /* Supporting Files */ = {
			isa = PBXGroup;
			children = (
				344E6148191E69E100578AF8 /* PeopleDailyTests-Info.plist */,
				344E6149191E69E100578AF8 /* InfoPlist.strings */,
			);
			name = "Supporting Files";
			sourceTree = "<group>";
		};
		34D7F5AA1922694C0077124B /* images */ = {
			isa = PBXGroup;
			children = (
				34C44E9219227741006DEF46 /* 1.png */,
				34C44E9319227741006DEF46 /* 2.png */,
				34C44E9419227741006DEF46 /* 3.png */,
				34C44E9519227741006DEF46 /* 4.png */,
				34C44E9619227741006DEF46 /* 5.png */,
				34C44E9719227741006DEF46 /* 6.png */,
				34C44E9819227741006DEF46 /* 7.png */,
				34C44E9919227741006DEF46 /* 8.png */,
			);
			name = images;
			sourceTree = "<group>";
		};
		F3E8790B1920AE410049D13E /* Classes */ = {
			isa = PBXGroup;
			children = (
				342EA20F192115CB005A1D9C /* AQGirdView */,
				F3E879391920C2D60049D13E /* MBProgressHUD */,
				F3E879371920B0640049D13E /* Models */,
				F3E879101920AEC60049D13E /* AFNetworking */,
				F3E8790C1920AE410049D13E /* NetManager */,
			);
			path = Classes;
			sourceTree = "<group>";
		};
		F3E8790C1920AE410049D13E /* NetManager */ = {
			isa = PBXGroup;
			children = (
				F3E8790D1920AE4E0049D13E /* NetManager.h */,
				F3E8790E1920AE4E0049D13E /* NetManager.m */,
			);
			path = NetManager;
			sourceTree = "<group>";
		};
		F3E879101920AEC60049D13E /* AFNetworking */ = {
			isa = PBXGroup;
			children = (
				F3E879111920AEC60049D13E /* AFHTTPClient.h */,
				F3E879121920AEC60049D13E /* AFHTTPClient.m */,
				F3E879131920AEC60049D13E /* AFHTTPRequestOperation.h */,
				F3E879141920AEC60049D13E /* AFHTTPRequestOperation.m */,
				F3E879151920AEC60049D13E /* AFImageRequestOperation.h */,
				F3E879161920AEC60049D13E /* AFImageRequestOperation.m */,
				F3E879171920AEC60049D13E /* AFJSONRequestOperation.h */,
				F3E879181920AEC60049D13E /* AFJSONRequestOperation.m */,
				F3E879191920AEC60049D13E /* AFJSONUtilities.h */,
				F3E8791A1920AEC60049D13E /* AFJSONUtilities.m */,
				F3E8791B1920AEC60049D13E /* AFNetworkActivityIndicatorManager.h */,
				F3E8791C1920AEC60049D13E /* AFNetworkActivityIndicatorManager.m */,
				F3E8791D1920AEC60049D13E /* AFNetworking.h */,
				F3E8791E1920AEC60049D13E /* AFPropertyListRequestOperation.h */,
				F3E8791F1920AEC60049D13E /* AFPropertyListRequestOperation.m */,
				F3E879201920AEC60049D13E /* AFURLConnectionOperation.h */,
				F3E879211920AEC60049D13E /* AFURLConnectionOperation.m */,
				F3E879221920AEC60049D13E /* AFXMLRequestOperation.h */,
				F3E879231920AEC60049D13E /* AFXMLRequestOperation.m */,
				F3E879241920AEC60049D13E /* request */,
				F3E879291920AEC60049D13E /* UIImageView+AFNetworking.h */,
				F3E8792A1920AEC60049D13E /* UIImageView+AFNetworking.m */,
			);
			path = AFNetworking;
			sourceTree = "<group>";
		};
		F3E879241920AEC60049D13E /* request */ = {
			isa = PBXGroup;
			children = (
				F3E879251920AEC60049D13E /* CheckNetwork.h */,
				F3E879261920AEC60049D13E /* CheckNetwork.m */,
				F3E879271920AEC60049D13E /* Reachability.h */,
				F3E879281920AEC60049D13E /* Reachability.m */,
			);
			path = request;
			sourceTree = "<group>";
		};
		F3E879371920B0640049D13E /* Models */ = {
			isa = PBXGroup;
			children = (
				F3E879381920B09F0049D13E /* DefineModel.h */,
			);
			path = Models;
			sourceTree = "<group>";
		};
		F3E879391920C2D60049D13E /* MBProgressHUD */ = {
			isa = PBXGroup;
			children = (
				F3E8793A1920C2D60049D13E /* MBProgressHUD+Add.h */,
				F3E8793B1920C2D60049D13E /* MBProgressHUD+Add.m */,
				F3E8793C1920C2D60049D13E /* MBProgressHUD.bundle */,
				F3E8793D1920C2D60049D13E /* MBProgressHUD.h */,
				F3E8793E1920C2D60049D13E /* MBProgressHUD.m */,
			);
			path = MBProgressHUD;
			sourceTree = "<group>";
		};
/* End PBXGroup section */

/* Begin PBXNativeTarget section */
		344E6123191E69E000578AF8 /* PeopleDaily */ = {
			isa = PBXNativeTarget;
			buildConfigurationList = 344E6150191E69E100578AF8 /* Build configuration list for PBXNativeTarget "PeopleDaily" */;
			buildPhases = (
				344E6120191E69E000578AF8 /* Sources */,
				344E6121191E69E000578AF8 /* Frameworks */,
				344E6122191E69E000578AF8 /* Resources */,
			);
			buildRules = (
			);
			dependencies = (
			);
			name = PeopleDaily;
			productName = PeopleDaily;
			productReference = 344E6124191E69E000578AF8 /* PeopleDaily.app */;
			productType = "com.apple.product-type.application";
		};
		344E613E191E69E100578AF8 /* PeopleDailyTests */ = {
			isa = PBXNativeTarget;
			buildConfigurationList = 344E6153191E69E100578AF8 /* Build configuration list for PBXNativeTarget "PeopleDailyTests" */;
			buildPhases = (
				344E613B191E69E100578AF8 /* Sources */,
				344E613C191E69E100578AF8 /* Frameworks */,
				344E613D191E69E100578AF8 /* Resources */,
			);
			buildRules = (
			);
			dependencies = (
				344E6145191E69E100578AF8 /* PBXTargetDependency */,
			);
			name = PeopleDailyTests;
			productName = PeopleDailyTests;
			productReference = 344E613F191E69E100578AF8 /* PeopleDailyTests.xctest */;
			productType = "com.apple.product-type.bundle.unit-test";
		};
/* End PBXNativeTarget section */

/* Begin PBXProject section */
		344E611C191E69E000578AF8 /* Project object */ = {
			isa = PBXProject;
			attributes = {
				LastUpgradeCheck = 0500;
				ORGANIZATIONNAME = YLRS;
				TargetAttributes = {
					344E613E191E69E100578AF8 = {
						TestTargetID = 344E6123191E69E000578AF8;
					};
				};
			};
			buildConfigurationList = 344E611F191E69E000578AF8 /* Build configuration list for PBXProject "PeopleDaily" */;
			compatibilityVersion = "Xcode 3.2";
			developmentRegion = English;
			hasScannedForEncodings = 0;
			knownRegions = (
				en,
			);
			mainGroup = 344E611B191E69E000578AF8;
			productRefGroup = 344E6125191E69E000578AF8 /* Products */;
			projectDirPath = "";
			projectRoot = "";
			targets = (
				344E6123191E69E000578AF8 /* PeopleDaily */,
				344E613E191E69E100578AF8 /* PeopleDailyTests */,
			);
		};
/* End PBXProject section */

/* Begin PBXResourcesBuildPhase section */
		344E6122191E69E000578AF8 /* Resources */ = {
			isa = PBXResourcesBuildPhase;
			buildActionMask = 2147483647;
			files = (
				34C44EA119227741006DEF46 /* 8.png in Resources */,
				344E6132191E69E000578AF8 /* InfoPlist.strings in Resources */,
				34C44E9D19227741006DEF46 /* 4.png in Resources */,
				34C44E9A19227741006DEF46 /* 1.png in Resources */,
				34C44E9F19227741006DEF46 /* 6.png in Resources */,
				34C44E9B19227741006DEF46 /* 2.png in Resources */,
				34C44E9C19227741006DEF46 /* 3.png in Resources */,
				34C44E9E19227741006DEF46 /* 5.png in Resources */,
				34C44EA019227741006DEF46 /* 7.png in Resources */,
				344E613A191E69E100578AF8 /* Images.xcassets in Resources */,
				F3E879401920C2D60049D13E /* MBProgressHUD.bundle in Resources */,
			);
			runOnlyForDeploymentPostprocessing = 0;
		};
		344E613D191E69E100578AF8 /* Resources */ = {
			isa = PBXResourcesBuildPhase;
			buildActionMask = 2147483647;
			files = (
				344E614B191E69E100578AF8 /* InfoPlist.strings in Resources */,
			);
			runOnlyForDeploymentPostprocessing = 0;
		};
/* End PBXResourcesBuildPhase section */

/* Begin PBXSourcesBuildPhase section */
		344E6120191E69E000578AF8 /* Sources */ = {
			isa = PBXSourcesBuildPhase;
			buildActionMask = 2147483647;
			files = (
				F3E879321920AEC60049D13E /* AFURLConnectionOperation.m in Sources */,
				342EA22A192115CB005A1D9C /* AQGridViewController.m in Sources */,
				342EA240192118B4005A1D9C /* ListenDetailNewsViewController.m in Sources */,
				F3E879361920AEC60049D13E /* UIImageView+AFNetworking.m in Sources */,
				342EA230192115CB005A1D9C /* UIColor+AQGridView.m in Sources */,
				342EA23C19211686005A1D9C /* ListenNewsViewController.m in Sources */,
				F3E8792D1920AEC60049D13E /* AFImageRequestOperation.m in Sources */,
				F3E879341920AEC60049D13E /* CheckNetwork.m in Sources */,
				F3E8792F1920AEC60049D13E /* AFJSONUtilities.m in Sources */,
				344E6138191E69E000578AF8 /* AppDelegate.m in Sources */,
				F3E879331920AEC60049D13E /* AFXMLRequestOperation.m in Sources */,
				F3E879411920C2D60049D13E /* MBProgressHUD.m in Sources */,
				F3E8793F1920C2D60049D13E /* MBProgressHUD+Add.m in Sources */,
				F3E8790F1920AE4E0049D13E /* NetManager.m in Sources */,
				F3E8792E1920AEC60049D13E /* AFJSONRequestOperation.m in Sources */,
				F3E8792C1920AEC60049D13E /* AFHTTPRequestOperation.m in Sources */,
				342EA227192115CB005A1D9C /* AQGridView.m in Sources */,
				342EA22E192115CB005A1D9C /* NSIndexSet+AQIndexesOutsideSet.m in Sources */,
				342EA22D192115CB005A1D9C /* AQGridViewUpdateItem.m in Sources */,
				344E6134191E69E000578AF8 /* main.m in Sources */,
				342EA22C192115CB005A1D9C /* AQGridViewUpdateInfo.m in Sources */,
				F3E879351920AEC60049D13E /* Reachability.m in Sources */,
				342EA22B192115CB005A1D9C /* AQGridViewData.m in Sources */,
				F3E8792B1920AEC60049D13E /* AFHTTPClient.m in Sources */,
				342EA22F192115CB005A1D9C /* NSIndexSet+AQIsSetContiguous.m in Sources */,
				F3E879311920AEC60049D13E /* AFPropertyListRequestOperation.m in Sources */,
				342EA228192115CB005A1D9C /* AQGridViewAnimatorItem.m in Sources */,
				342EA229192115CB005A1D9C /* AQGridViewCell.m in Sources */,
				F3E879301920AEC60049D13E /* AFNetworkActivityIndicatorManager.m in Sources */,
				342EA23D19211686005A1D9C /* ListenNewsViewCell.m in Sources */,
			);
			runOnlyForDeploymentPostprocessing = 0;
		};
		344E613B191E69E100578AF8 /* Sources */ = {
			isa = PBXSourcesBuildPhase;
			buildActionMask = 2147483647;
			files = (
				344E614D191E69E100578AF8 /* PeopleDailyTests.m in Sources */,
			);
			runOnlyForDeploymentPostprocessing = 0;
		};
/* End PBXSourcesBuildPhase section */

/* Begin PBXTargetDependency section */
		344E6145191E69E100578AF8 /* PBXTargetDependency */ = {
			isa = PBXTargetDependency;
			target = 344E6123191E69E000578AF8 /* PeopleDaily */;
			targetProxy = 344E6144191E69E100578AF8 /* PBXContainerItemProxy */;
		};
/* End PBXTargetDependency section */

/* Begin PBXVariantGroup section */
		344E6130191E69E000578AF8 /* InfoPlist.strings */ = {
			isa = PBXVariantGroup;
			children = (
				344E6131191E69E000578AF8 /* en */,
			);
			name = InfoPlist.strings;
			sourceTree = "<group>";
		};
		344E6149191E69E100578AF8 /* InfoPlist.strings */ = {
			isa = PBXVariantGroup;
			children = (
				344E614A191E69E100578AF8 /* en */,
			);
			name = InfoPlist.strings;
			sourceTree = "<group>";
		};
/* End PBXVariantGroup section */

/* Begin XCBuildConfiguration section */
		344E614E191E69E100578AF8 /* Debug */ = {
			isa = XCBuildConfiguration;
			buildSettings = {
				ALWAYS_SEARCH_USER_PATHS = NO;
				ARCHS = "$(ARCHS_STANDARD_INCLUDING_64_BIT)";
				CLANG_CXX_LANGUAGE_STANDARD = "gnu++0x";
				CLANG_CXX_LIBRARY = "libc++";
				CLANG_ENABLE_MODULES = YES;
				CLANG_ENABLE_OBJC_ARC = YES;
				CLANG_WARN_BOOL_CONVERSION = YES;
				CLANG_WARN_CONSTANT_CONVERSION = YES;
				CLANG_WARN_DIRECT_OBJC_ISA_USAGE = YES_ERROR;
				CLANG_WARN_EMPTY_BODY = YES;
				CLANG_WARN_ENUM_CONVERSION = YES;
				CLANG_WARN_INT_CONVERSION = YES;
				CLANG_WARN_OBJC_ROOT_CLASS = YES_ERROR;
				CLANG_WARN__DUPLICATE_METHOD_MATCH = YES;
				"CODE_SIGN_IDENTITY[sdk=iphoneos*]" = "iPhone Developer";
				COPY_PHASE_STRIP = NO;
				GCC_C_LANGUAGE_STANDARD = gnu99;
				GCC_DYNAMIC_NO_PIC = NO;
				GCC_OPTIMIZATION_LEVEL = 0;
				GCC_PREPROCESSOR_DEFINITIONS = (
					"DEBUG=1",
					"$(inherited)",
				);
				GCC_SYMBOLS_PRIVATE_EXTERN = NO;
				GCC_WARN_64_TO_32_BIT_CONVERSION = YES;
				GCC_WARN_ABOUT_RETURN_TYPE = YES_ERROR;
				GCC_WARN_UNDECLARED_SELECTOR = YES;
				GCC_WARN_UNINITIALIZED_AUTOS = YES;
				GCC_WARN_UNUSED_FUNCTION = YES;
				GCC_WARN_UNUSED_VARIABLE = YES;
				IPHONEOS_DEPLOYMENT_TARGET = 7.0;
				ONLY_ACTIVE_ARCH = YES;
				SDKROOT = iphoneos;
				TARGETED_DEVICE_FAMILY = 2;
			};
			name = Debug;
		};
		344E614F191E69E100578AF8 /* Release */ = {
			isa = XCBuildConfiguration;
			buildSettings = {
				ALWAYS_SEARCH_USER_PATHS = NO;
				ARCHS = "$(ARCHS_STANDARD_INCLUDING_64_BIT)";
				CLANG_CXX_LANGUAGE_STANDARD = "gnu++0x";
				CLANG_CXX_LIBRARY = "libc++";
				CLANG_ENABLE_MODULES = YES;
				CLANG_ENABLE_OBJC_ARC = YES;
				CLANG_WARN_BOOL_CONVERSION = YES;
				CLANG_WARN_CONSTANT_CONVERSION = YES;
				CLANG_WARN_DIRECT_OBJC_ISA_USAGE = YES_ERROR;
				CLANG_WARN_EMPTY_BODY = YES;
				CLANG_WARN_ENUM_CONVERSION = YES;
				CLANG_WARN_INT_CONVERSION = YES;
				CLANG_WARN_OBJC_ROOT_CLASS = YES_ERROR;
				CLANG_WARN__DUPLICATE_METHOD_MATCH = YES;
				"CODE_SIGN_IDENTITY[sdk=iphoneos*]" = "iPhone Developer";
				COPY_PHASE_STRIP = YES;
				ENABLE_NS_ASSERTIONS = NO;
				GCC_C_LANGUAGE_STANDARD = gnu99;
				GCC_WARN_64_TO_32_BIT_CONVERSION = YES;
				GCC_WARN_ABOUT_RETURN_TYPE = YES_ERROR;
				GCC_WARN_UNDECLARED_SELECTOR = YES;
				GCC_WARN_UNINITIALIZED_AUTOS = YES;
				GCC_WARN_UNUSED_FUNCTION = YES;
				GCC_WARN_UNUSED_VARIABLE = YES;
				IPHONEOS_DEPLOYMENT_TARGET = 7.0;
				SDKROOT = iphoneos;
				TARGETED_DEVICE_FAMILY = 2;
				VALIDATE_PRODUCT = YES;
			};
			name = Release;
		};
		344E6151191E69E100578AF8 /* Debug */ = {
			isa = XCBuildConfiguration;
			buildSettings = {
				ASSETCATALOG_COMPILER_APPICON_NAME = AppIcon;
				ASSETCATALOG_COMPILER_LAUNCHIMAGE_NAME = LaunchImage;
				GCC_PRECOMPILE_PREFIX_HEADER = YES;
				GCC_PREFIX_HEADER = "PeopleDaily/PeopleDaily-Prefix.pch";
				INFOPLIST_FILE = "PeopleDaily/PeopleDaily-Info.plist";
				PRODUCT_NAME = "$(TARGET_NAME)";
				WRAPPER_EXTENSION = app;
			};
			name = Debug;
		};
		344E6152191E69E100578AF8 /* Release */ = {
			isa = XCBuildConfiguration;
			buildSettings = {
				ASSETCATALOG_COMPILER_APPICON_NAME = AppIcon;
				ASSETCATALOG_COMPILER_LAUNCHIMAGE_NAME = LaunchImage;
				GCC_PRECOMPILE_PREFIX_HEADER = YES;
				GCC_PREFIX_HEADER = "PeopleDaily/PeopleDaily-Prefix.pch";
				INFOPLIST_FILE = "PeopleDaily/PeopleDaily-Info.plist";
				PRODUCT_NAME = "$(TARGET_NAME)";
				WRAPPER_EXTENSION = app;
			};
			name = Release;
		};
		344E6154191E69E100578AF8 /* Debug */ = {
			isa = XCBuildConfiguration;
			buildSettings = {
				ARCHS = "$(ARCHS_STANDARD_INCLUDING_64_BIT)";
				BUNDLE_LOADER = "$(BUILT_PRODUCTS_DIR)/PeopleDaily.app/PeopleDaily";
				FRAMEWORK_SEARCH_PATHS = (
					"$(SDKROOT)/Developer/Library/Frameworks",
					"$(inherited)",
					"$(DEVELOPER_FRAMEWORKS_DIR)",
				);
				GCC_PRECOMPILE_PREFIX_HEADER = YES;
				GCC_PREFIX_HEADER = "PeopleDaily/PeopleDaily-Prefix.pch";
				GCC_PREPROCESSOR_DEFINITIONS = (
					"DEBUG=1",
					"$(inherited)",
				);
				INFOPLIST_FILE = "PeopleDailyTests/PeopleDailyTests-Info.plist";
				PRODUCT_NAME = "$(TARGET_NAME)";
				TEST_HOST = "$(BUNDLE_LOADER)";
				WRAPPER_EXTENSION = xctest;
			};
			name = Debug;
		};
		344E6155191E69E100578AF8 /* Release */ = {
			isa = XCBuildConfiguration;
			buildSettings = {
				ARCHS = "$(ARCHS_STANDARD_INCLUDING_64_BIT)";
				BUNDLE_LOADER = "$(BUILT_PRODUCTS_DIR)/PeopleDaily.app/PeopleDaily";
				FRAMEWORK_SEARCH_PATHS = (
					"$(SDKROOT)/Developer/Library/Frameworks",
					"$(inherited)",
					"$(DEVELOPER_FRAMEWORKS_DIR)",
				);
				GCC_PRECOMPILE_PREFIX_HEADER = YES;
				GCC_PREFIX_HEADER = "PeopleDaily/PeopleDaily-Prefix.pch";
				INFOPLIST_FILE = "PeopleDailyTests/PeopleDailyTests-Info.plist";
				PRODUCT_NAME = "$(TARGET_NAME)";
				TEST_HOST = "$(BUNDLE_LOADER)";
				WRAPPER_EXTENSION = xctest;
			};
			name = Release;
		};
/* End XCBuildConfiguration section */

/* Begin XCConfigurationList section */
		344E611F191E69E000578AF8 /* Build configuration list for PBXProject "PeopleDaily" */ = {
			isa = XCConfigurationList;
			buildConfigurations = (
				344E614E191E69E100578AF8 /* Debug */,
				344E614F191E69E100578AF8 /* Release */,
			);
			defaultConfigurationIsVisible = 0;
			defaultConfigurationName = Release;
		};
		344E6150191E69E100578AF8 /* Build configuration list for PBXNativeTarget "PeopleDaily" */ = {
			isa = XCConfigurationList;
			buildConfigurations = (
				344E6151191E69E100578AF8 /* Debug */,
				344E6152191E69E100578AF8 /* Release */,
			);
			defaultConfigurationIsVisible = 0;
			defaultConfigurationName = Release;
		};
		344E6153191E69E100578AF8 /* Build configuration list for PBXNativeTarget "PeopleDailyTests" */ = {
			isa = XCConfigurationList;
			buildConfigurations = (
				344E6154191E69E100578AF8 /* Debug */,
				344E6155191E69E100578AF8 /* Release */,
			);
			defaultConfigurationIsVisible = 0;
			defaultConfigurationName = Release;
		};
/* End XCConfigurationList section */
	};
	rootObject = 344E611C191E69E000578AF8 /* Project object */;
}
